
Microsoft Visual Studio Solution File, Format Version 12.00
# Visual Studio Version 17
VisualStudioVersion = 17.0.32014.148
MinimumVisualStudioVersion = 10.0.40219.1
Project("{FAE04EC0-301F-11D3-BF4B-00C04F79EFBC}") = "Paraulogic.Tester", "Paraulogic.Tester.csproj", "{53EB553C-F46E-4A25-9B59-4E69D394AE36}"
EndProject
Global
	GlobalSection(SolutionConfigurationPlatforms) = preSolution
		Debug|Any CPU = Debug|Any CPU
		Release|Any CPU = Release|Any CPU
	EndGlobalSection
	GlobalSection(ProjectConfigurationPlatforms) = postSolution
		{53EB553C-F46E-4A25-9B59-4E69D394AE36}.Debug|Any CPU.ActiveCfg = Debug|Any CPU
		{53EB553C-F46E-4A25-9B59-4E69D394AE36}.Debug|Any CPU.Build.0 = Debug|Any CPU
		{53EB553C-F46E-4A25-9B59-4E69D394AE36}.Release|Any CPU.ActiveCfg = Release|Any CPU
		{53EB553C-F46E-4A25-9B59-4E69D394AE36}.Release|Any CPU.Build.0 = Release|Any CPU
	EndGlobalSection
	GlobalSection(SolutionProperties) = preSolution
		HideSolutionNode = FALSE
	EndGlobalSection
	GlobalSection(ExtensibilityGlobals) = postSolution
		SolutionGuid = {8D69DF10-9DA6-4A37-920D-ACA1146241AE}
	EndGlobalSection
EndGlobal
